
Microsoft Visual Studio Solution File, Format Version 12.00
# Visual Studio Version 17
VisualStudioVersion = 17.0.31903.59
MinimumVisualStudioVersion = 10.0.40219.1
Project("{2150E333-8FDC-42A3-9474-1A3956D46DE8}") = "src", "src", "{827E0CD3-B72D-47B6-A68D-7590B98EB39B}"
EndProject
Project("{2150E333-8FDC-42A3-9474-1A3956D46DE8}") = "Domain", "Domain", "{8B290487-4C16-E85E-E807-F579CBE9FC4D}"
EndProject
Project("{FAE04EC0-301F-11D3-BF4B-00C04F79EFBC}") = "CleanArchitecture.Domain", "src\Domain\CleanArchitecture.Domain.csproj", "{1081211E-E94B-43DD-BC15-5F8DD01D181F}"
EndProject
Project("{2150E333-8FDC-42A3-9474-1A3956D46DE8}") = "Application", "Application", "{22BAF98C-8415-17C4-B26A-D537657BC863}"
EndProject
Project("{FAE04EC0-301F-11D3-BF4B-00C04F79EFBC}") = "CleanArchitecture.Application", "src\Application\CleanArchitecture.Application.csproj", "{4962527D-D473-42AA-AB23-03F1726835C8}"
EndProject
Project("{2150E333-8FDC-42A3-9474-1A3956D46DE8}") = "Infrastructure", "Infrastructure", "{9048EB7F-3875-A59E-E36B-5BD4C6F2A282}"
EndProject
Project("{FAE04EC0-301F-11D3-BF4B-00C04F79EFBC}") = "CleanArchitecture.Infrastructure", "src\Infrastructure\CleanArchitecture.Infrastructure.csproj", "{6236739C-650E-416C-B362-AFFBCA3605D5}"
EndProject
Project("{2150E333-8FDC-42A3-9474-1A3956D46DE8}") = "Api", "Api", "{81034408-37C8-1011-444E-4C15C2FADA8E}"
EndProject
Project("{FAE04EC0-301F-11D3-BF4B-00C04F79EFBC}") = "CleanArchitecture.Api", "src\Api\CleanArchitecture.Api.csproj", "{D3CD2696-DA41-4BE6-87F7-F0336E5DA38B}"
EndProject
Global
	GlobalSection(SolutionConfigurationPlatforms) = preSolution
		Debug|Any CPU = Debug|Any CPU
		Debug|x64 = Debug|x64
		Debug|x86 = Debug|x86
		Release|Any CPU = Release|Any CPU
		Release|x64 = Release|x64
		Release|x86 = Release|x86
	EndGlobalSection
	GlobalSection(ProjectConfigurationPlatforms) = postSolution
		{1081211E-E94B-43DD-BC15-5F8DD01D181F}.Debug|Any CPU.ActiveCfg = Debug|Any CPU
		{1081211E-E94B-43DD-BC15-5F8DD01D181F}.Debug|Any CPU.Build.0 = Debug|Any CPU
		{1081211E-E94B-43DD-BC15-5F8DD01D181F}.Debug|x64.ActiveCfg = Debug|Any CPU
		{1081211E-E94B-43DD-BC15-5F8DD01D181F}.Debug|x64.Build.0 = Debug|Any CPU
		{1081211E-E94B-43DD-BC15-5F8DD01D181F}.Debug|x86.ActiveCfg = Debug|Any CPU
		{1081211E-E94B-43DD-BC15-5F8DD01D181F}.Debug|x86.Build.0 = Debug|Any CPU
		{1081211E-E94B-43DD-BC15-5F8DD01D181F}.Release|Any CPU.ActiveCfg = Release|Any CPU
		{1081211E-E94B-43DD-BC15-5F8DD01D181F}.Release|Any CPU.Build.0 = Release|Any CPU
		{1081211E-E94B-43DD-BC15-5F8DD01D181F}.Release|x64.ActiveCfg = Release|Any CPU
		{1081211E-E94B-43DD-BC15-5F8DD01D181F}.Release|x64.Build.0 = Release|Any CPU
		{1081211E-E94B-43DD-BC15-5F8DD01D181F}.Release|x86.ActiveCfg = Release|Any CPU
		{1081211E-E94B-43DD-BC15-5F8DD01D181F}.Release|x86.Build.0 = Release|Any CPU
		{4962527D-D473-42AA-AB23-03F1726835C8}.Debug|Any CPU.ActiveCfg = Debug|Any CPU
		{4962527D-D473-42AA-AB23-03F1726835C8}.Debug|Any CPU.Build.0 = Debug|Any CPU
		{4962527D-D473-42AA-AB23-03F1726835C8}.Debug|x64.ActiveCfg = Debug|Any CPU
		{4962527D-D473-42AA-AB23-03F1726835C8}.Debug|x64.Build.0 = Debug|Any CPU
		{4962527D-D473-42AA-AB23-03F1726835C8}.Debug|x86.ActiveCfg = Debug|Any CPU
		{4962527D-D473-42AA-AB23-03F1726835C8}.Debug|x86.Build.0 = Debug|Any CPU
		{4962527D-D473-42AA-AB23-03F1726835C8}.Release|Any CPU.ActiveCfg = Release|Any CPU
		{4962527D-D473-42AA-AB23-03F1726835C8}.Release|Any CPU.Build.0 = Release|Any CPU
		{4962527D-D473-42AA-AB23-03F1726835C8}.Release|x64.ActiveCfg = Release|Any CPU
		{4962527D-D473-42AA-AB23-03F1726835C8}.Release|x64.Build.0 = Release|Any CPU
		{4962527D-D473-42AA-AB23-03F1726835C8}.Release|x86.ActiveCfg = Release|Any CPU
		{4962527D-D473-42AA-AB23-03F1726835C8}.Release|x86.Build.0 = Release|Any CPU
		{6236739C-650E-416C-B362-AFFBCA3605D5}.Debug|Any CPU.ActiveCfg = Debug|Any CPU
		{6236739C-650E-416C-B362-AFFBCA3605D5}.Debug|Any CPU.Build.0 = Debug|Any CPU
		{6236739C-650E-416C-B362-AFFBCA3605D5}.Debug|x64.ActiveCfg = Debug|Any CPU
		{6236739C-650E-416C-B362-AFFBCA3605D5}.Debug|x64.Build.0 = Debug|Any CPU
		{6236739C-650E-416C-B362-AFFBCA3605D5}.Debug|x86.ActiveCfg = Debug|Any CPU
		{6236739C-650E-416C-B362-AFFBCA3605D5}.Debug|x86.Build.0 = Debug|Any CPU
		{6236739C-650E-416C-B362-AFFBCA3605D5}.Release|Any CPU.ActiveCfg = Release|Any CPU
		{6236739C-650E-416C-B362-AFFBCA3605D5}.Release|Any CPU.Build.0 = Release|Any CPU
		{6236739C-650E-416C-B362-AFFBCA3605D5}.Release|x64.ActiveCfg = Release|Any CPU
		{6236739C-650E-416C-B362-AFFBCA3605D5}.Release|x64.Build.0 = Release|Any CPU
		{6236739C-650E-416C-B362-AFFBCA3605D5}.Release|x86.ActiveCfg = Release|Any CPU
		{6236739C-650E-416C-B362-AFFBCA3605D5}.Release|x86.Build.0 = Release|Any CPU
		{D3CD2696-DA41-4BE6-87F7-F0336E5DA38B}.Debug|Any CPU.ActiveCfg = Debug|Any CPU
		{D3CD2696-DA41-4BE6-87F7-F0336E5DA38B}.Debug|Any CPU.Build.0 = Debug|Any CPU
		{D3CD2696-DA41-4BE6-87F7-F0336E5DA38B}.Debug|x64.ActiveCfg = Debug|Any CPU
		{D3CD2696-DA41-4BE6-87F7-F0336E5DA38B}.Debug|x64.Build.0 = Debug|Any CPU
		{D3CD2696-DA41-4BE6-87F7-F0336E5DA38B}.Debug|x86.ActiveCfg = Debug|Any CPU
		{D3CD2696-DA41-4BE6-87F7-F0336E5DA38B}.Debug|x86.Build.0 = Debug|Any CPU
		{D3CD2696-DA41-4BE6-87F7-F0336E5DA38B}.Release|Any CPU.ActiveCfg = Release|Any CPU
		{D3CD2696-DA41-4BE6-87F7-F0336E5DA38B}.Release|Any CPU.Build.0 = Release|Any CPU
		{D3CD2696-DA41-4BE6-87F7-F0336E5DA38B}.Release|x64.ActiveCfg = Release|Any CPU
		{D3CD2696-DA41-4BE6-87F7-F0336E5DA38B}.Release|x64.Build.0 = Release|Any CPU
		{D3CD2696-DA41-4BE6-87F7-F0336E5DA38B}.Release|x86.ActiveCfg = Release|Any CPU
		{D3CD2696-DA41-4BE6-87F7-F0336E5DA38B}.Release|x86.Build.0 = Release|Any CPU
	EndGlobalSection
	GlobalSection(SolutionProperties) = preSolution
		HideSolutionNode = FALSE
	EndGlobalSection
	GlobalSection(NestedProjects) = preSolution
		{8B290487-4C16-E85E-E807-F579CBE9FC4D} = {827E0CD3-B72D-47B6-A68D-7590B98EB39B}
		{1081211E-E94B-43DD-BC15-5F8DD01D181F} = {8B290487-4C16-E85E-E807-F579CBE9FC4D}
		{22BAF98C-8415-17C4-B26A-D537657BC863} = {827E0CD3-B72D-47B6-A68D-7590B98EB39B}
		{4962527D-D473-42AA-AB23-03F1726835C8} = {22BAF98C-8415-17C4-B26A-D537657BC863}
		{9048EB7F-3875-A59E-E36B-5BD4C6F2A282} = {827E0CD3-B72D-47B6-A68D-7590B98EB39B}
		{6236739C-650E-416C-B362-AFFBCA3605D5} = {9048EB7F-3875-A59E-E36B-5BD4C6F2A282}
		{81034408-37C8-1011-444E-4C15C2FADA8E} = {827E0CD3-B72D-47B6-A68D-7590B98EB39B}
		{D3CD2696-DA41-4BE6-87F7-F0336E5DA38B} = {81034408-37C8-1011-444E-4C15C2FADA8E}
	EndGlobalSection
EndGlobal
